
Microsoft Visual Studio Solution File, Format Version 12.00
# Visual Studio 15
VisualStudioVersion = 15.0.28307.168
MinimumVisualStudioVersion = 10.0.40219.1
Project("{FAE04EC0-301F-11D3-BF4B-00C04F79EFBC}") = "IntiveDotNet", "IntiveDotNet\IntiveDotNet.csproj", "{5CD70D86-75D0-47CA-AA6C-F8A422837B52}"
EndProject
Project("{FAE04EC0-301F-11D3-BF4B-00C04F79EFBC}") = "IntiveDotNetTests", "IntiveDotNetTests\IntiveDotNetTests.csproj", "{D0F0C478-AE40-41A1-B917-6DAA494B2296}"
EndProject
Global
	GlobalSection(SolutionConfigurationPlatforms) = preSolution
		Debug|Any CPU = Debug|Any CPU
		Release|Any CPU = Release|Any CPU
	EndGlobalSection
	GlobalSection(ProjectConfigurationPlatforms) = postSolution
		{5CD70D86-75D0-47CA-AA6C-F8A422837B52}.Debug|Any CPU.ActiveCfg = Debug|Any CPU
		{5CD70D86-75D0-47CA-AA6C-F8A422837B52}.Debug|Any CPU.Build.0 = Debug|Any CPU
		{5CD70D86-75D0-47CA-AA6C-F8A422837B52}.Release|Any CPU.ActiveCfg = Release|Any CPU
		{5CD70D86-75D0-47CA-AA6C-F8A422837B52}.Release|Any CPU.Build.0 = Release|Any CPU
		{D0F0C478-AE40-41A1-B917-6DAA494B2296}.Debug|Any CPU.ActiveCfg = Debug|Any CPU
		{D0F0C478-AE40-41A1-B917-6DAA494B2296}.Debug|Any CPU.Build.0 = Debug|Any CPU
		{D0F0C478-AE40-41A1-B917-6DAA494B2296}.Release|Any CPU.ActiveCfg = Release|Any CPU
		{D0F0C478-AE40-41A1-B917-6DAA494B2296}.Release|Any CPU.Build.0 = Release|Any CPU
	EndGlobalSection
	GlobalSection(SolutionProperties) = preSolution
		HideSolutionNode = FALSE
	EndGlobalSection
	GlobalSection(ExtensibilityGlobals) = postSolution
		SolutionGuid = {FA8193F6-6352-44B5-9AC9-8FE57F3E515C}
	EndGlobalSection
EndGlobal
